
Microsoft Visual Studio Solution File, Format Version 12.00
# Visual Studio Version 16
VisualStudioVersion = 16.0.30128.74
MinimumVisualStudioVersion = 10.0.40219.1
Project("{8BC9CEB8-8B4A-11D0-8D11-00A0C91BC942}") = "AlgorithmHW3-Last", "AlgorithmHW3-Last\AlgorithmHW3-Last.vcxproj", "{606A3A0F-DC6F-41C7-92D9-F82FDC31E400}"
EndProject
Global
	GlobalSection(SolutionConfigurationPlatforms) = preSolution
		Debug|x64 = Debug|x64
		Debug|x86 = Debug|x86
		Release|x64 = Release|x64
		Release|x86 = Release|x86
	EndGlobalSection
	GlobalSection(ProjectConfigurationPlatforms) = postSolution
		{606A3A0F-DC6F-41C7-92D9-F82FDC31E400}.Debug|x64.ActiveCfg = Debug|x64
		{606A3A0F-DC6F-41C7-92D9-F82FDC31E400}.Debug|x64.Build.0 = Debug|x64
		{606A3A0F-DC6F-41C7-92D9-F82FDC31E400}.Debug|x86.ActiveCfg = Debug|Win32
		{606A3A0F-DC6F-41C7-92D9-F82FDC31E400}.Debug|x86.Build.0 = Debug|Win32
		{606A3A0F-DC6F-41C7-92D9-F82FDC31E400}.Release|x64.ActiveCfg = Release|x64
		{606A3A0F-DC6F-41C7-92D9-F82FDC31E400}.Release|x64.Build.0 = Release|x64
		{606A3A0F-DC6F-41C7-92D9-F82FDC31E400}.Release|x86.ActiveCfg = Release|Win32
		{606A3A0F-DC6F-41C7-92D9-F82FDC31E400}.Release|x86.Build.0 = Release|Win32
	EndGlobalSection
	GlobalSection(SolutionProperties) = preSolution
		HideSolutionNode = FALSE
	EndGlobalSection
	GlobalSection(ExtensibilityGlobals) = postSolution
		SolutionGuid = {1516086B-B123-42F6-B445-334825A59284}
	EndGlobalSection
EndGlobal
